{
  "name": "acms-develop",
  "lockfileVersion": 3,
  "requires": true,
  "packages": {
    "": {
      "dependencies": {
        "document-outliner": "^1.1.3"
      }
    },
    "node_modules/@types/jquery": {
      "version": "3.5.30",
      "resolved": "https://registry.npmjs.org/@types/jquery/-/jquery-3.5.30.tgz",
      "integrity": "sha512-nbWKkkyb919DOUxjmRVk8vwtDb0/k8FKncmUKFi+NY+QXqWltooxTrswvz4LspQwxvLdvzBN1TImr6cw3aQx2A==",
      "dependencies": {
        "@types/sizzle": "*"
      }
    },
    "node_modules/@types/sizzle": {
      "version": "2.3.8",
      "resolved": "https://registry.npmjs.org/@types/sizzle/-/sizzle-2.3.8.tgz",
      "integrity": "sha512-0vWLNK2D5MT9dg0iOo8GlKguPAU02QjmZitPEsXRuJXU/OGIOt9vT9Fc26wtYuavLxtO45v9PGleoL9Z0k1LHg=="
    },
    "node_modules/document-outliner": {
      "version": "1.1.3",
      "resolved": "https://registry.npmjs.org/document-outliner/-/document-outliner-1.1.3.tgz",
      "integrity": "sha512-1P4PGR4RopZ5ZXcB2y7zjUce2QmRafpRrI0nNwsfKukp0NaydJSRuDLPw4ksj8e0sGsk7rCvNzugl9qdejQTtg==",
      "dependencies": {
        "@types/jquery": "^3.3.28"
      }
    }
  }
}
